
Microsoft Visual Studio Solution File, Format Version 12.00
# Visual Studio Version 17
VisualStudioVersion = 17.4.33213.308
MinimumVisualStudioVersion = 10.0.40219.1
Project("{FAE04EC0-301F-11D3-BF4B-00C04F79EFBC}") = "SEFinal", "SEFinal\SEFinal.csproj", "{C1CB7A03-E42F-4B0D-B63F-DDC216621535}"
EndProject
Global
	GlobalSection(SolutionConfigurationPlatforms) = preSolution
		Debug|Any CPU = Debug|Any CPU
		Release|Any CPU = Release|Any CPU
	EndGlobalSection
	GlobalSection(ProjectConfigurationPlatforms) = postSolution
		{C1CB7A03-E42F-4B0D-B63F-DDC216621535}.Debug|Any CPU.ActiveCfg = Debug|Any CPU
		{C1CB7A03-E42F-4B0D-B63F-DDC216621535}.Debug|Any CPU.Build.0 = Debug|Any CPU
		{C1CB7A03-E42F-4B0D-B63F-DDC216621535}.Release|Any CPU.ActiveCfg = Release|Any CPU
		{C1CB7A03-E42F-4B0D-B63F-DDC216621535}.Release|Any CPU.Build.0 = Release|Any CPU
	EndGlobalSection
	GlobalSection(SolutionProperties) = preSolution
		HideSolutionNode = FALSE
	EndGlobalSection
	GlobalSection(ExtensibilityGlobals) = postSolution
		SolutionGuid = {749E2CCB-8D4C-40B9-8F4C-819ECD8FEE01}
	EndGlobalSection
EndGlobal
